<Solution>
  <Project Path="GarageOS.Api/GarageOS.Api.csproj" />
  <Project Path="GarageOS.Application/GarageOS.Application.csproj" />
  <Project Path="GarageOS.Domain/GarageOS.Domain.csproj" />
  <Project Path="GarageOS.Infrastructure/GarageOS.Infrastructure.csproj" />
  <Project Path="GarageOS.IntegrationTests/GarageOS.IntegrationTests.csproj" />
  <Project Path="GarageOS.UnitTests/GarageOS.UnitTests.csproj" />
</Solution>
